// !$*UTF8*$!
{
	archiveVersion = 1;
	classes = {
	};
	objectVersion = 55;
	objects = {

/* Begin PBXBuildFile section */
		84A953D32864C500002975F1 /* AppDelegate.swift in Sources */ = {isa = PBXBuildFile; fileRef = 84A953D22864C500002975F1 /* AppDelegate.swift */; };
		84A953D52864C500002975F1 /* SceneDelegate.swift in Sources */ = {isa = PBXBuildFile; fileRef = 84A953D42864C500002975F1 /* SceneDelegate.swift */; };
		84A953D72864C500002975F1 /* ViewController.swift in Sources */ = {isa = PBXBuildFile; fileRef = 84A953D62864C500002975F1 /* ViewController.swift */; };
		84A953DA2864C500002975F1 /* Main.storyboard in Resources */ = {isa = PBXBuildFile; fileRef = 84A953D82864C500002975F1 /* Main.storyboard */; };
		84A953DD2864C500002975F1 /* Mini_Project_2.xcdatamodeld in Sources */ = {isa = PBXBuildFile; fileRef = 84A953DB2864C500002975F1 /* Mini_Project_2.xcdatamodeld */; };
		84A953DF2864C505002975F1 /* Assets.xcassets in Resources */ = {isa = PBXBuildFile; fileRef = 84A953DE2864C505002975F1 /* Assets.xcassets */; };
		84A953E22864C505002975F1 /* LaunchScreen.storyboard in Resources */ = {isa = PBXBuildFile; fileRef = 84A953E02864C505002975F1 /* LaunchScreen.storyboard */; };
		84A953ED2864C506002975F1 /* Mini_Project_2Tests.swift in Sources */ = {isa = PBXBuildFile; fileRef = 84A953EC2864C506002975F1 /* Mini_Project_2Tests.swift */; };
		84A953F72864C506002975F1 /* Mini_Project_2UITests.swift in Sources */ = {isa = PBXBuildFile; fileRef = 84A953F62864C506002975F1 /* Mini_Project_2UITests.swift */; };
		84A953F92864C506002975F1 /* Mini_Project_2UITestsLaunchTests.swift in Sources */ = {isa = PBXBuildFile; fileRef = 84A953F82864C506002975F1 /* Mini_Project_2UITestsLaunchTests.swift */; };
/* End PBXBuildFile section */

/* Begin PBXContainerItemProxy section */
		84A953E92864C506002975F1 /* PBXContainerItemProxy */ = {
			isa = PBXContainerItemProxy;
			containerPortal = 84A953C72864C500002975F1 /* Project object */;
			proxyType = 1;
			remoteGlobalIDString = 84A953CE2864C500002975F1;
			remoteInfo = "Mini Project 2";
		};
		84A953F32864C506002975F1 /* PBXContainerItemProxy */ = {
			isa = PBXContainerItemProxy;
			containerPortal = 84A953C72864C500002975F1 /* Project object */;
			proxyType = 1;
			remoteGlobalIDString = 84A953CE2864C500002975F1;
			remoteInfo = "Mini Project 2";
		};
/* End PBXContainerItemProxy section */

/* Begin PBXFileReference section */
		84A953CF2864C500002975F1 /* Mini Project 2.app */ = {isa = PBXFileReference; explicitFileType = wrapper.application; includeInIndex = 0; path = "Mini Project 2.app"; sourceTree = BUILT_PRODUCTS_DIR; };
		84A953D22864C500002975F1 /* AppDelegate.swift */ = {isa = PBXFileReference; lastKnownFileType = sourcecode.swift; path = AppDelegate.swift; sourceTree = "<group>"; };
		84A953D42864C500002975F1 /* SceneDelegate.swift */ = {isa = PBXFileReference; lastKnownFileType = sourcecode.swift; path = SceneDelegate.swift; sourceTree = "<group>"; };
		84A953D62864C500002975F1 /* ViewController.swift */ = {isa = PBXFileReference; lastKnownFileType = sourcecode.swift; path = ViewController.swift; sourceTree = "<group>"; };
		84A953D92864C500002975F1 /* Base */ = {isa = PBXFileReference; lastKnownFileType = file.storyboard; name = Base; path = Base.lproj/Main.storyboard; sourceTree = "<group>"; };
		84A953DC2864C500002975F1 /* Mini_Project_2.xcdatamodel */ = {isa = PBXFileReference; lastKnownFileType = wrapper.xcdatamodel; path = Mini_Project_2.xcdatamodel; sourceTree = "<group>"; };
		84A953DE2864C505002975F1 /* Assets.xcassets */ = {isa = PBXFileReference; lastKnownFileType = folder.assetcatalog; path = Assets.xcassets; sourceTree = "<group>"; };
		84A953E12864C505002975F1 /* Base */ = {isa = PBXFileReference; lastKnownFileType = file.storyboard; name = Base; path = Base.lproj/LaunchScreen.storyboard; sourceTree = "<group>"; };
		84A953E32864C505002975F1 /* Info.plist */ = {isa = PBXFileReference; lastKnownFileType = text.plist.xml; path = Info.plist; sourceTree = "<group>"; };
		84A953E82864C506002975F1 /* Mini Project 2Tests.xctest */ = {isa = PBXFileReference; explicitFileType = wrapper.cfbundle; includeInIndex = 0; path = "Mini Project 2Tests.xctest"; sourceTree = BUILT_PRODUCTS_DIR; };
		84A953EC2864C506002975F1 /* Mini_Project_2Tests.swift */ = {isa = PBXFileReference; lastKnownFileType = sourcecode.swift; path = Mini_Project_2Tests.swift; sourceTree = "<group>"; };
		84A953F22864C506002975F1 /* Mini Project 2UITests.xctest */ = {isa = PBXFileReference; explicitFileType = wrapper.cfbundle; includeInIndex = 0; path = "Mini Project 2UITests.xctest"; sourceTree = BUILT_PRODUCTS_DIR; };
		84A953F62864C506002975F1 /* Mini_Project_2UITests.swift */ = {isa = PBXFileReference; lastKnownFileType = sourcecode.swift; path = Mini_Project_2UITests.swift; sourceTree = "<group>"; };
		84A953F82864C506002975F1 /* Mini_Project_2UITestsLaunchTests.swift */ = {isa = PBXFileReference; lastKnownFileType = sourcecode.swift; path = Mini_Project_2UITestsLaunchTests.swift; sourceTree = "<group>"; };
/* End PBXFileReference section */

/* Begin PBXFrameworksBuildPhase section */
		84A953CC2864C500002975F1 /* Frameworks */ = {
			isa = PBXFrameworksBuildPhase;
			buildActionMask = 2147483647;
			files = (
			);
			runOnlyForDeploymentPostprocessing = 0;
		};
		84A953E52864C506002975F1 /* Frameworks */ = {
			isa = PBXFrameworksBuildPhase;
			buildActionMask = 2147483647;
			files = (
			);
			runOnlyForDeploymentPostprocessing = 0;
		};
		84A953EF2864C506002975F1 /* Frameworks */ = {
			isa = PBXFrameworksBuildPhase;
			buildActionMask = 2147483647;
			files = (
			);
			runOnlyForDeploymentPostprocessing = 0;
		};
/* End PBXFrameworksBuildPhase section */

/* Begin PBXGroup section */
		84A953C62864C500002975F1 = {
			isa = PBXGroup;
			children = (
				84A953D12864C500002975F1 /* Mini Project 2 */,
				84A953EB2864C506002975F1 /* Mini Project 2Tests */,
				84A953F52864C506002975F1 /* Mini Project 2UITests */,
				84A953D02864C500002975F1 /* Products */,
			);
			sourceTree = "<group>";
		};
		84A953D02864C500002975F1 /* Products */ = {
			isa = PBXGroup;
			children = (
				84A953CF2864C500002975F1 /* Mini Project 2.app */,
				84A953E82864C506002975F1 /* Mini Project 2Tests.xctest */,
				84A953F22864C506002975F1 /* Mini Project 2UITests.xctest */,
			);
			name = Products;
			sourceTree = "<group>";
		};
		84A953D12864C500002975F1 /* Mini Project 2 */ = {
			isa = PBXGroup;
			children = (
				84A953D22864C500002975F1 /* AppDelegate.swift */,
				84A953D42864C500002975F1 /* SceneDelegate.swift */,
				84A953D62864C500002975F1 /* ViewController.swift */,
				84A953D82864C500002975F1 /* Main.storyboard */,
				84A953DE2864C505002975F1 /* Assets.xcassets */,
				84A953E02864C505002975F1 /* LaunchScreen.storyboard */,
				84A953E32864C505002975F1 /* Info.plist */,
				84A953DB2864C500002975F1 /* Mini_Project_2.xcdatamodeld */,
			);
			path = "Mini Project 2";
			sourceTree = "<group>";
		};
		84A953EB2864C506002975F1 /* Mini Project 2Tests */ = {
			isa = PBXGroup;
			children = (
				84A953EC2864C506002975F1 /* Mini_Project_2Tests.swift */,
			);
			path = "Mini Project 2Tests";
			sourceTree = "<group>";
		};
		84A953F52864C506002975F1 /* Mini Project 2UITests */ = {
			isa = PBXGroup;
			children = (
				84A953F62864C506002975F1 /* Mini_Project_2UITests.swift */,
				84A953F82864C506002975F1 /* Mini_Project_2UITestsLaunchTests.swift */,
			);
			path = "Mini Project 2UITests";
			sourceTree = "<group>";
		};
/* End PBXGroup section */

/* Begin PBXNativeTarget section */
		84A953CE2864C500002975F1 /* Mini Project 2 */ = {
			isa = PBXNativeTarget;
			buildConfigurationList = 84A953FC2864C506002975F1 /* Build configuration list for PBXNativeTarget "Mini Project 2" */;
			buildPhases = (
				84A953CB2864C500002975F1 /* Sources */,
				84A953CC2864C500002975F1 /* Frameworks */,
				84A953CD2864C500002975F1 /* Resources */,
			);
			buildRules = (
			);
			dependencies = (
			);
			name = "Mini Project 2";
			productName = "Mini Project 2";
			productReference = 84A953CF2864C500002975F1 /* Mini Project 2.app */;
			productType = "com.apple.product-type.application";
		};
		84A953E72864C506002975F1 /* Mini Project 2Tests */ = {
			isa = PBXNativeTarget;
			buildConfigurationList = 84A953FF2864C506002975F1 /* Build configuration list for PBXNativeTarget "Mini Project 2Tests" */;
			buildPhases = (
				84A953E42864C506002975F1 /* Sources */,
				84A953E52864C506002975F1 /* Frameworks */,
				84A953E62864C506002975F1 /* Resources */,
			);
			buildRules = (
			);
			dependencies = (
				84A953EA2864C506002975F1 /* PBXTargetDependency */,
			);
			name = "Mini Project 2Tests";
			productName = "Mini Project 2Tests";
			productReference = 84A953E82864C506002975F1 /* Mini Project 2Tests.xctest */;
			productType = "com.apple.product-type.bundle.unit-test";
		};
		84A953F12864C506002975F1 /* Mini Project 2UITests */ = {
			isa = PBXNativeTarget;
			buildConfigurationList = 84A954022864C506002975F1 /* Build configuration list for PBXNativeTarget "Mini Project 2UITests" */;
			buildPhases = (
				84A953EE2864C506002975F1 /* Sources */,
				84A953EF2864C506002975F1 /* Frameworks */,
				84A953F02864C506002975F1 /* Resources */,
			);
			buildRules = (
			);
			dependencies = (
				84A953F42864C506002975F1 /* PBXTargetDependency */,
			);
			name = "Mini Project 2UITests";
			productName = "Mini Project 2UITests";
			productReference = 84A953F22864C506002975F1 /* Mini Project 2UITests.xctest */;
			productType = "com.apple.product-type.bundle.ui-testing";
		};
/* End PBXNativeTarget section */

/* Begin PBXProject section */
		84A953C72864C500002975F1 /* Project object */ = {
			isa = PBXProject;
			attributes = {
				BuildIndependentTargetsInParallel = 1;
				LastSwiftUpdateCheck = 1340;
				LastUpgradeCheck = 1340;
				TargetAttributes = {
					84A953CE2864C500002975F1 = {
						CreatedOnToolsVersion = 13.4.1;
					};
					84A953E72864C506002975F1 = {
						CreatedOnToolsVersion = 13.4.1;
						TestTargetID = 84A953CE2864C500002975F1;
					};
					84A953F12864C506002975F1 = {
						CreatedOnToolsVersion = 13.4.1;
						TestTargetID = 84A953CE2864C500002975F1;
					};
				};
			};
			buildConfigurationList = 84A953CA2864C500002975F1 /* Build configuration list for PBXProject "Mini Project 2" */;
			compatibilityVersion = "Xcode 13.0";
			developmentRegion = en;
			hasScannedForEncodings = 0;
			knownRegions = (
				en,
				Base,
			);
			mainGroup = 84A953C62864C500002975F1;
			productRefGroup = 84A953D02864C500002975F1 /* Products */;
			projectDirPath = "";
			projectRoot = "";
			targets = (
				84A953CE2864C500002975F1 /* Mini Project 2 */,
				84A953E72864C506002975F1 /* Mini Project 2Tests */,
				84A953F12864C506002975F1 /* Mini Project 2UITests */,
			);
		};
/* End PBXProject section */

/* Begin PBXResourcesBuildPhase section */
		84A953CD2864C500002975F1 /* Resources */ = {
			isa = PBXResourcesBuildPhase;
			buildActionMask = 2147483647;
			files = (
				84A953E22864C505002975F1 /* LaunchScreen.storyboard in Resources */,
				84A953DF2864C505002975F1 /* Assets.xcassets in Resources */,
				84A953DA2864C500002975F1 /* Main.storyboard in Resources */,
			);
			runOnlyForDeploymentPostprocessing = 0;
		};
		84A953E62864C506002975F1 /* Resources */ = {
			isa = PBXResourcesBuildPhase;
			buildActionMask = 2147483647;
			files = (
			);
			runOnlyForDeploymentPostprocessing = 0;
		};
		84A953F02864C506002975F1 /* Resources */ = {
			isa = PBXResourcesBuildPhase;
			buildActionMask = 2147483647;
			files = (
			);
			runOnlyForDeploymentPostprocessing = 0;
		};
/* End PBXResourcesBuildPhase section */

/* Begin PBXSourcesBuildPhase section */
		84A953CB2864C500002975F1 /* Sources */ = {
			isa = PBXSourcesBuildPhase;
			buildActionMask = 2147483647;
			files = (
				84A953D72864C500002975F1 /* ViewController.swift in Sources */,
				84A953D32864C500002975F1 /* AppDelegate.swift in Sources */,
				84A953D52864C500002975F1 /* SceneDelegate.swift in Sources */,
				84A953DD2864C500002975F1 /* Mini_Project_2.xcdatamodeld in Sources */,
			);
			runOnlyForDeploymentPostprocessing = 0;
		};
		84A953E42864C506002975F1 /* Sources */ = {
			isa = PBXSourcesBuildPhase;
			buildActionMask = 2147483647;
			files = (
				84A953ED2864C506002975F1 /* Mini_Project_2Tests.swift in Sources */,
			);
			runOnlyForDeploymentPostprocessing = 0;
		};
		84A953EE2864C506002975F1 /* Sources */ = {
			isa = PBXSourcesBuildPhase;
			buildActionMask = 2147483647;
			files = (
				84A953F92864C506002975F1 /* Mini_Project_2UITestsLaunchTests.swift in Sources */,
				84A953F72864C506002975F1 /* Mini_Project_2UITests.swift in Sources */,
			);
			runOnlyForDeploymentPostprocessing = 0;
		};
/* End PBXSourcesBuildPhase section */

/* Begin PBXTargetDependency section */
		84A953EA2864C506002975F1 /* PBXTargetDependency */ = {
			isa = PBXTargetDependency;
			target = 84A953CE2864C500002975F1 /* Mini Project 2 */;
			targetProxy = 84A953E92864C506002975F1 /* PBXContainerItemProxy */;
		};
		84A953F42864C506002975F1 /* PBXTargetDependency */ = {
			isa = PBXTargetDependency;
			target = 84A953CE2864C500002975F1 /* Mini Project 2 */;
			targetProxy = 84A953F32864C506002975F1 /* PBXContainerItemProxy */;
		};
/* End PBXTargetDependency section */

/* Begin PBXVariantGroup section */
		84A953D82864C500002975F1 /* Main.storyboard */ = {
			isa = PBXVariantGroup;
			children = (
				84A953D92864C500002975F1 /* Base */,
			);
			name = Main.storyboard;
			sourceTree = "<group>";
		};
		84A953E02864C505002975F1 /* LaunchScreen.storyboard */ = {
			isa = PBXVariantGroup;
			children = (
				84A953E12864C505002975F1 /* Base */,
			);
			name = LaunchScreen.storyboard;
			sourceTree = "<group>";
		};
/* End PBXVariantGroup section */

/* Begin XCBuildConfiguration section */
		84A953FA2864C506002975F1 /* Debug */ = {
			isa = XCBuildConfiguration;
			buildSettings = {
				ALWAYS_SEARCH_USER_PATHS = NO;
				CLANG_ANALYZER_NONNULL = YES;
				CLANG_ANALYZER_NUMBER_OBJECT_CONVERSION = YES_AGGRESSIVE;
				CLANG_CXX_LANGUAGE_STANDARD = "gnu++17";
				CLANG_ENABLE_MODULES = YES;
				CLANG_ENABLE_OBJC_ARC = YES;
				CLANG_ENABLE_OBJC_WEAK = YES;
				CLANG_WARN_BLOCK_CAPTURE_AUTORELEASING = YES;
				CLANG_WARN_BOOL_CONVERSION = YES;
				CLANG_WARN_COMMA = YES;
				CLANG_WARN_CONSTANT_CONVERSION = YES;
				CLANG_WARN_DEPRECATED_OBJC_IMPLEMENTATIONS = YES;
				CLANG_WARN_DIRECT_OBJC_ISA_USAGE = YES_ERROR;
				CLANG_WARN_DOCUMENTATION_COMMENTS = YES;
				CLANG_WARN_EMPTY_BODY = YES;
				CLANG_WARN_ENUM_CONVERSION = YES;
				CLANG_WARN_INFINITE_RECURSION = YES;
				CLANG_WARN_INT_CONVERSION = YES;
				CLANG_WARN_NON_LITERAL_NULL_CONVERSION = YES;
				CLANG_WARN_OBJC_IMPLICIT_RETAIN_SELF = YES;
				CLANG_WARN_OBJC_LITERAL_CONVERSION = YES;
				CLANG_WARN_OBJC_ROOT_CLASS = YES_ERROR;
				CLANG_WARN_QUOTED_INCLUDE_IN_FRAMEWORK_HEADER = YES;
				CLANG_WARN_RANGE_LOOP_ANALYSIS = YES;
				CLANG_WARN_STRICT_PROTOTYPES = YES;
				CLANG_WARN_SUSPICIOUS_MOVE = YES;
				CLANG_WARN_UNGUARDED_AVAILABILITY = YES_AGGRESSIVE;
				CLANG_WARN_UNREACHABLE_CODE = YES;
				CLANG_WARN__DUPLICATE_METHOD_MATCH = YES;
				COPY_PHASE_STRIP = NO;
				DEBUG_INFORMATION_FORMAT = dwarf;
				ENABLE_STRICT_OBJC_MSGSEND = YES;
				ENABLE_TESTABILITY = YES;
				GCC_C_LANGUAGE_STANDARD = gnu11;
				GCC_DYNAMIC_NO_PIC = NO;
				GCC_NO_COMMON_BLOCKS = YES;
				GCC_OPTIMIZATION_LEVEL = 0;
				GCC_PREPROCESSOR_DEFINITIONS = (
					"DEBUG=1",
					"$(inherited)",
				);
				GCC_WARN_64_TO_32_BIT_CONVERSION = YES;
				GCC_WARN_ABOUT_RETURN_TYPE = YES_ERROR;
				GCC_WARN_UNDECLARED_SELECTOR = YES;
				GCC_WARN_UNINITIALIZED_AUTOS = YES_AGGRESSIVE;
				GCC_WARN_UNUSED_FUNCTION = YES;
				GCC_WARN_UNUSED_VARIABLE = YES;
				IPHONEOS_DEPLOYMENT_TARGET = 15.5;
				MTL_ENABLE_DEBUG_INFO = INCLUDE_SOURCE;
				MTL_FAST_MATH = YES;
				ONLY_ACTIVE_ARCH = YES;
				SDKROOT = iphoneos;
				SWIFT_ACTIVE_COMPILATION_CONDITIONS = DEBUG;
				SWIFT_OPTIMIZATION_LEVEL = "-Onone";
			};
			name = Debug;
		};
		84A953FB2864C506002975F1 /* Release */ = {
			isa = XCBuildConfiguration;
			buildSettings = {
				ALWAYS_SEARCH_USER_PATHS = NO;
				CLANG_ANALYZER_NONNULL = YES;
				CLANG_ANALYZER_NUMBER_OBJECT_CONVERSION = YES_AGGRESSIVE;
				CLANG_CXX_LANGUAGE_STANDARD = "gnu++17";
				CLANG_ENABLE_MODULES = YES;
				CLANG_ENABLE_OBJC_ARC = YES;
				CLANG_ENABLE_OBJC_WEAK = YES;
				CLANG_WARN_BLOCK_CAPTURE_AUTORELEASING = YES;
				CLANG_WARN_BOOL_CONVERSION = YES;
				CLANG_WARN_COMMA = YES;
				CLANG_WARN_CONSTANT_CONVERSION = YES;
				CLANG_WARN_DEPRECATED_OBJC_IMPLEMENTATIONS = YES;
				CLANG_WARN_DIRECT_OBJC_ISA_USAGE = YES_ERROR;
				CLANG_WARN_DOCUMENTATION_COMMENTS = YES;
				CLANG_WARN_EMPTY_BODY = YES;
				CLANG_WARN_ENUM_CONVERSION = YES;
				CLANG_WARN_INFINITE_RECURSION = YES;
				CLANG_WARN_INT_CONVERSION = YES;
				CLANG_WARN_NON_LITERAL_NULL_CONVERSION = YES;
				CLANG_WARN_OBJC_IMPLICIT_RETAIN_SELF = YES;
				CLANG_WARN_OBJC_LITERAL_CONVERSION = YES;
				CLANG_WARN_OBJC_ROOT_CLASS = YES_ERROR;
				CLANG_WARN_QUOTED_INCLUDE_IN_FRAMEWORK_HEADER = YES;
				CLANG_WARN_RANGE_LOOP_ANALYSIS = YES;
				CLANG_WARN_STRICT_PROTOTYPES = YES;
				CLANG_WARN_SUSPICIOUS_MOVE = YES;
				CLANG_WARN_UNGUARDED_AVAILABILITY = YES_AGGRESSIVE;
				CLANG_WARN_UNREACHABLE_CODE = YES;
				CLANG_WARN__DUPLICATE_METHOD_MATCH = YES;
				COPY_PHASE_STRIP = NO;
				DEBUG_INFORMATION_FORMAT = "dwarf-with-dsym";
				ENABLE_NS_ASSERTIONS = NO;
				ENABLE_STRICT_OBJC_MSGSEND = YES;
				GCC_C_LANGUAGE_STANDARD = gnu11;
				GCC_NO_COMMON_BLOCKS = YES;
				GCC_WARN_64_TO_32_BIT_CONVERSION = YES;
				GCC_WARN_ABOUT_RETURN_TYPE = YES_ERROR;
				GCC_WARN_UNDECLARED_SELECTOR = YES;
				GCC_WARN_UNINITIALIZED_AUTOS = YES_AGGRESSIVE;
				GCC_WARN_UNUSED_FUNCTION = YES;
				GCC_WARN_UNUSED_VARIABLE = YES;
				IPHONEOS_DEPLOYMENT_TARGET = 15.5;
				MTL_ENABLE_DEBUG_INFO = NO;
				MTL_FAST_MATH = YES;
				SDKROOT = iphoneos;
				SWIFT_COMPILATION_MODE = wholemodule;
				SWIFT_OPTIMIZATION_LEVEL = "-O";
				VALIDATE_PRODUCT = YES;
			};
			name = Release;
		};
		84A953FD2864C506002975F1 /* Debug */ = {
			isa = XCBuildConfiguration;
			buildSettings = {
				ASSETCATALOG_COMPILER_APPICON_NAME = AppIcon;
				ASSETCATALOG_COMPILER_GLOBAL_ACCENT_COLOR_NAME = AccentColor;
				CODE_SIGN_STYLE = Automatic;
				CURRENT_PROJECT_VERSION = 1;
				GENERATE_INFOPLIST_FILE = YES;
				INFOPLIST_FILE = "Mini Project 2/Info.plist";
				INFOPLIST_KEY_UIApplicationSupportsIndirectInputEvents = YES;
				INFOPLIST_KEY_UILaunchStoryboardName = LaunchScreen;
				INFOPLIST_KEY_UIMainStoryboardFile = Main;
				INFOPLIST_KEY_UISupportedInterfaceOrientations_iPad = "UIInterfaceOrientationPortrait UIInterfaceOrientationPortraitUpsideDown UIInterfaceOrientationLandscapeLeft UIInterfaceOrientationLandscapeRight";
				INFOPLIST_KEY_UISupportedInterfaceOrientations_iPhone = "UIInterfaceOrientationPortrait UIInterfaceOrientationLandscapeLeft UIInterfaceOrientationLandscapeRight";
				LD_RUNPATH_SEARCH_PATHS = (
					"$(inherited)",
					"@executable_path/Frameworks",
				);
				MARKETING_VERSION = 1.0;
				PRODUCT_BUNDLE_IDENTIFIER = "Kode-with-Klossy.Mini-Project-2";
				PRODUCT_NAME = "$(TARGET_NAME)";
				SWIFT_EMIT_LOC_STRINGS = YES;
				SWIFT_VERSION = 5.0;
				TARGETED_DEVICE_FAMILY = "1,2";
			};
			name = Debug;
		};
		84A953FE2864C506002975F1 /* Release */ = {
			isa = XCBuildConfiguration;
			buildSettings = {
				ASSETCATALOG_COMPILER_APPICON_NAME = AppIcon;
				ASSETCATALOG_COMPILER_GLOBAL_ACCENT_COLOR_NAME = AccentColor;
				CODE_SIGN_STYLE = Automatic;
				CURRENT_PROJECT_VERSION = 1;
				GENERATE_INFOPLIST_FILE = YES;
				INFOPLIST_FILE = "Mini Project 2/Info.plist";
				INFOPLIST_KEY_UIApplicationSupportsIndirectInputEvents = YES;
				INFOPLIST_KEY_UILaunchStoryboardName = LaunchScreen;
				INFOPLIST_KEY_UIMainStoryboardFile = Main;
				INFOPLIST_KEY_UISupportedInterfaceOrientations_iPad = "UIInterfaceOrientationPortrait UIInterfaceOrientationPortraitUpsideDown UIInterfaceOrientationLandscapeLeft UIInterfaceOrientationLandscapeRight";
				INFOPLIST_KEY_UISupportedInterfaceOrientations_iPhone = "UIInterfaceOrientationPortrait UIInterfaceOrientationLandscapeLeft UIInterfaceOrientationLandscapeRight";
				LD_RUNPATH_SEARCH_PATHS = (
					"$(inherited)",
					"@executable_path/Frameworks",
				);
				MARKETING_VERSION = 1.0;
				PRODUCT_BUNDLE_IDENTIFIER = "Kode-with-Klossy.Mini-Project-2";
				PRODUCT_NAME = "$(TARGET_NAME)";
				SWIFT_EMIT_LOC_STRINGS = YES;
				SWIFT_VERSION = 5.0;
				TARGETED_DEVICE_FAMILY = "1,2";
			};
			name = Release;
		};
		84A954002864C506002975F1 /* Debug */ = {
			isa = XCBuildConfiguration;
			buildSettings = {
				ALWAYS_EMBED_SWIFT_STANDARD_LIBRARIES = YES;
				BUNDLE_LOADER = "$(TEST_HOST)";
				CODE_SIGN_STYLE = Automatic;
				CURRENT_PROJECT_VERSION = 1;
				GENERATE_INFOPLIST_FILE = YES;
				IPHONEOS_DEPLOYMENT_TARGET = 15.5;
				MARKETING_VERSION = 1.0;
				PRODUCT_BUNDLE_IDENTIFIER = "Kode-with-Klossy.Mini-Project-2Tests";
				PRODUCT_NAME = "$(TARGET_NAME)";
				SWIFT_EMIT_LOC_STRINGS = NO;
				SWIFT_VERSION = 5.0;
				TARGETED_DEVICE_FAMILY = "1,2";
				TEST_HOST = "$(BUILT_PRODUCTS_DIR)/Mini Project 2.app/Mini Project 2";
			};
			name = Debug;
		};
		84A954012864C506002975F1 /* Release */ = {
			isa = XCBuildConfiguration;
			buildSettings = {
				ALWAYS_EMBED_SWIFT_STANDARD_LIBRARIES = YES;
				BUNDLE_LOADER = "$(TEST_HOST)";
				CODE_SIGN_STYLE = Automatic;
				CURRENT_PROJECT_VERSION = 1;
				GENERATE_INFOPLIST_FILE = YES;
				IPHONEOS_DEPLOYMENT_TARGET = 15.5;
				MARKETING_VERSION = 1.0;
				PRODUCT_BUNDLE_IDENTIFIER = "Kode-with-Klossy.Mini-Project-2Tests";
				PRODUCT_NAME = "$(TARGET_NAME)";
				SWIFT_EMIT_LOC_STRINGS = NO;
				SWIFT_VERSION = 5.0;
				TARGETED_DEVICE_FAMILY = "1,2";
				TEST_HOST = "$(BUILT_PRODUCTS_DIR)/Mini Project 2.app/Mini Project 2";
			};
			name = Release;
		};
		84A954032864C506002975F1 /* Debug */ = {
			isa = XCBuildConfiguration;
			buildSettings = {
				ALWAYS_EMBED_SWIFT_STANDARD_LIBRARIES = YES;
				CODE_SIGN_STYLE = Automatic;
				CURRENT_PROJECT_VERSION = 1;
				GENERATE_INFOPLIST_FILE = YES;
				MARKETING_VERSION = 1.0;
				PRODUCT_BUNDLE_IDENTIFIER = "Kode-with-Klossy.Mini-Project-2UITests";
				PRODUCT_NAME = "$(TARGET_NAME)";
				SWIFT_EMIT_LOC_STRINGS = NO;
				SWIFT_VERSION = 5.0;
				TARGETED_DEVICE_FAMILY = "1,2";
				TEST_TARGET_NAME = "Mini Project 2";
			};
			name = Debug;
		};
		84A954042864C506002975F1 /* Release */ = {
			isa = XCBuildConfiguration;
			buildSettings = {
				ALWAYS_EMBED_SWIFT_STANDARD_LIBRARIES = YES;
				CODE_SIGN_STYLE = Automatic;
				CURRENT_PROJECT_VERSION = 1;
				GENERATE_INFOPLIST_FILE = YES;
				MARKETING_VERSION = 1.0;
				PRODUCT_BUNDLE_IDENTIFIER = "Kode-with-Klossy.Mini-Project-2UITests";
				PRODUCT_NAME = "$(TARGET_NAME)";
				SWIFT_EMIT_LOC_STRINGS = NO;
				SWIFT_VERSION = 5.0;
				TARGETED_DEVICE_FAMILY = "1,2";
				TEST_TARGET_NAME = "Mini Project 2";
			};
			name = Release;
		};
/* End XCBuildConfiguration section */

/* Begin XCConfigurationList section */
		84A953CA2864C500002975F1 /* Build configuration list for PBXProject "Mini Project 2" */ = {
			isa = XCConfigurationList;
			buildConfigurations = (
				84A953FA2864C506002975F1 /* Debug */,
				84A953FB2864C506002975F1 /* Release */,
			);
			defaultConfigurationIsVisible = 0;
			defaultConfigurationName = Release;
		};
		84A953FC2864C506002975F1 /* Build configuration list for PBXNativeTarget "Mini Project 2" */ = {
			isa = XCConfigurationList;
			buildConfigurations = (
				84A953FD2864C506002975F1 /* Debug */,
				84A953FE2864C506002975F1 /* Release */,
			);
			defaultConfigurationIsVisible = 0;
			defaultConfigurationName = Release;
		};
		84A953FF2864C506002975F1 /* Build configuration list for PBXNativeTarget "Mini Project 2Tests" */ = {
			isa = XCConfigurationList;
			buildConfigurations = (
				84A954002864C506002975F1 /* Debug */,
				84A954012864C506002975F1 /* Release */,
			);
			defaultConfigurationIsVisible = 0;
			defaultConfigurationName = Release;
		};
		84A954022864C506002975F1 /* Build configuration list for PBXNativeTarget "Mini Project 2UITests" */ = {
			isa = XCConfigurationList;
			buildConfigurations = (
				84A954032864C506002975F1 /* Debug */,
				84A954042864C506002975F1 /* Release */,
			);
			defaultConfigurationIsVisible = 0;
			defaultConfigurationName = Release;
		};
/* End XCConfigurationList section */

/* Begin XCVersionGroup section */
		84A953DB2864C500002975F1 /* Mini_Project_2.xcdatamodeld */ = {
			isa = XCVersionGroup;
			children = (
				84A953DC2864C500002975F1 /* Mini_Project_2.xcdatamodel */,
			);
			currentVersion = 84A953DC2864C500002975F1 /* Mini_Project_2.xcdatamodel */;
			path = Mini_Project_2.xcdatamodeld;
			sourceTree = "<group>";
			versionGroupType = wrapper.xcdatamodel;
		};
/* End XCVersionGroup section */
	};
	rootObject = 84A953C72864C500002975F1 /* Project object */;
}
